
Microsoft Visual Studio Solution File, Format Version 12.00
# Visual Studio 15
VisualStudioVersion = 15.0.28010.2046
MinimumVisualStudioVersion = 10.0.40219.1
Project("{FAE04EC0-301F-11D3-BF4B-00C04F79EFBC}") = "CRM_V1", "CRM_V1\CRM_V1.csproj", "{A1FEA96B-77F3-41FB-A2CE-650A74F7C271}"
EndProject
Global
	GlobalSection(SolutionConfigurationPlatforms) = preSolution
		Debug|Any CPU = Debug|Any CPU
		Release|Any CPU = Release|Any CPU
	EndGlobalSection
	GlobalSection(ProjectConfigurationPlatforms) = postSolution
		{A1FEA96B-77F3-41FB-A2CE-650A74F7C271}.Debug|Any CPU.ActiveCfg = Debug|Any CPU
		{A1FEA96B-77F3-41FB-A2CE-650A74F7C271}.Debug|Any CPU.Build.0 = Debug|Any CPU
		{A1FEA96B-77F3-41FB-A2CE-650A74F7C271}.Release|Any CPU.ActiveCfg = Release|Any CPU
		{A1FEA96B-77F3-41FB-A2CE-650A74F7C271}.Release|Any CPU.Build.0 = Release|Any CPU
	EndGlobalSection
	GlobalSection(SolutionProperties) = preSolution
		HideSolutionNode = FALSE
	EndGlobalSection
	GlobalSection(ExtensibilityGlobals) = postSolution
		SolutionGuid = {95268B96-9A61-45A8-B6E9-256C966AB50E}
	EndGlobalSection
EndGlobal
